// !$*UTF8*$!
{
	archiveVersion = 1;
	classes = {
	};
	objectVersion = 50;
	objects = {

/* Begin PBXBuildFile section */
		E4013AE72541AAF600AED9C7 /* addTextToLabelViewController.swift in Sources */ = {isa = PBXBuildFile; fileRef = E4013AE62541AAF600AED9C7 /* addTextToLabelViewController.swift */; };
		E4B6A18625404CD700674D4E /* AppDelegate.swift in Sources */ = {isa = PBXBuildFile; fileRef = E4B6A18525404CD700674D4E /* AppDelegate.swift */; };
		E4B6A18825404CD700674D4E /* SceneDelegate.swift in Sources */ = {isa = PBXBuildFile; fileRef = E4B6A18725404CD700674D4E /* SceneDelegate.swift */; };
		E4B6A18A25404CD700674D4E /* ViewController.swift in Sources */ = {isa = PBXBuildFile; fileRef = E4B6A18925404CD700674D4E /* ViewController.swift */; };
		E4B6A18D25404CD700674D4E /* Main.storyboard in Resources */ = {isa = PBXBuildFile; fileRef = E4B6A18B25404CD700674D4E /* Main.storyboard */; };
		E4B6A18F25404CD900674D4E /* Assets.xcassets in Resources */ = {isa = PBXBuildFile; fileRef = E4B6A18E25404CD900674D4E /* Assets.xcassets */; };
		E4B6A19225404CD900674D4E /* LaunchScreen.storyboard in Resources */ = {isa = PBXBuildFile; fileRef = E4B6A19025404CD900674D4E /* LaunchScreen.storyboard */; };
		E4B6A19C25404DB300674D4E /* SettingsViewController.swift in Sources */ = {isa = PBXBuildFile; fileRef = E4B6A19B25404DB300674D4E /* SettingsViewController.swift */; };
/* End PBXBuildFile section */

/* Begin PBXFileReference section */
		E4013AE62541AAF600AED9C7 /* addTextToLabelViewController.swift */ = {isa = PBXFileReference; lastKnownFileType = sourcecode.swift; path = addTextToLabelViewController.swift; sourceTree = "<group>"; };
		E4B6A18225404CD700674D4E /* trainingSegue.app */ = {isa = PBXFileReference; explicitFileType = wrapper.application; includeInIndex = 0; path = trainingSegue.app; sourceTree = BUILT_PRODUCTS_DIR; };
		E4B6A18525404CD700674D4E /* AppDelegate.swift */ = {isa = PBXFileReference; lastKnownFileType = sourcecode.swift; path = AppDelegate.swift; sourceTree = "<group>"; };
		E4B6A18725404CD700674D4E /* SceneDelegate.swift */ = {isa = PBXFileReference; lastKnownFileType = sourcecode.swift; path = SceneDelegate.swift; sourceTree = "<group>"; };
		E4B6A18925404CD700674D4E /* ViewController.swift */ = {isa = PBXFileReference; lastKnownFileType = sourcecode.swift; path = ViewController.swift; sourceTree = "<group>"; };
		E4B6A18C25404CD700674D4E /* Base */ = {isa = PBXFileReference; lastKnownFileType = file.storyboard; name = Base; path = Base.lproj/Main.storyboard; sourceTree = "<group>"; };
		E4B6A18E25404CD900674D4E /* Assets.xcassets */ = {isa = PBXFileReference; lastKnownFileType = folder.assetcatalog; path = Assets.xcassets; sourceTree = "<group>"; };
		E4B6A19125404CD900674D4E /* Base */ = {isa = PBXFileReference; lastKnownFileType = file.storyboard; name = Base; path = Base.lproj/LaunchScreen.storyboard; sourceTree = "<group>"; };
		E4B6A19325404CD900674D4E /* Info.plist */ = {isa = PBXFileReference; lastKnownFileType = text.plist.xml; path = Info.plist; sourceTree = "<group>"; };
		E4B6A19B25404DB300674D4E /* SettingsViewController.swift */ = {isa = PBXFileReference; lastKnownFileType = sourcecode.swift; path = SettingsViewController.swift; sourceTree = "<group>"; };
/* End PBXFileReference section */

/* Begin PBXFrameworksBuildPhase section */
		E4B6A17F25404CD700674D4E /* Frameworks */ = {
			isa = PBXFrameworksBuildPhase;
			buildActionMask = 2147483647;
			files = (
			);
			runOnlyForDeploymentPostprocessing = 0;
		};
/* End PBXFrameworksBuildPhase section */

/* Begin PBXGroup section */
		E4B6A17925404CD700674D4E = {
			isa = PBXGroup;
			children = (
				E4B6A18425404CD700674D4E /* trainingSegue */,
				E4B6A18325404CD700674D4E /* Products */,
			);
			sourceTree = "<group>";
		};
		E4B6A18325404CD700674D4E /* Products */ = {
			isa = PBXGroup;
			children = (
				E4B6A18225404CD700674D4E /* trainingSegue.app */,
			);
			name = Products;
			sourceTree = "<group>";
		};
		E4B6A18425404CD700674D4E /* trainingSegue */ = {
			isa = PBXGroup;
			children = (
				E4B6A18525404CD700674D4E /* AppDelegate.swift */,
				E4B6A18725404CD700674D4E /* SceneDelegate.swift */,
				E4B6A18925404CD700674D4E /* ViewController.swift */,
				E4B6A18B25404CD700674D4E /* Main.storyboard */,
				E4B6A18E25404CD900674D4E /* Assets.xcassets */,
				E4B6A19025404CD900674D4E /* LaunchScreen.storyboard */,
				E4B6A19325404CD900674D4E /* Info.plist */,
				E4B6A19B25404DB300674D4E /* SettingsViewController.swift */,
				E4013AE62541AAF600AED9C7 /* addTextToLabelViewController.swift */,
			);
			path = trainingSegue;
			sourceTree = "<group>";
		};
/* End PBXGroup section */

/* Begin PBXNativeTarget section */
		E4B6A18125404CD700674D4E /* trainingSegue */ = {
			isa = PBXNativeTarget;
			buildConfigurationList = E4B6A19625404CD900674D4E /* Build configuration list for PBXNativeTarget "trainingSegue" */;
			buildPhases = (
				E4B6A17E25404CD700674D4E /* Sources */,
				E4B6A17F25404CD700674D4E /* Frameworks */,
				E4B6A18025404CD700674D4E /* Resources */,
			);
			buildRules = (
			);
			dependencies = (
			);
			name = trainingSegue;
			productName = trainingSegue;
			productReference = E4B6A18225404CD700674D4E /* trainingSegue.app */;
			productType = "com.apple.product-type.application";
		};
/* End PBXNativeTarget section */

/* Begin PBXProject section */
		E4B6A17A25404CD700674D4E /* Project object */ = {
			isa = PBXProject;
			attributes = {
				LastSwiftUpdateCheck = 1200;
				LastUpgradeCheck = 1200;
				TargetAttributes = {
					E4B6A18125404CD700674D4E = {
						CreatedOnToolsVersion = 12.0;
					};
				};
			};
			buildConfigurationList = E4B6A17D25404CD700674D4E /* Build configuration list for PBXProject "trainingSegue" */;
			compatibilityVersion = "Xcode 9.3";
			developmentRegion = en;
			hasScannedForEncodings = 0;
			knownRegions = (
				en,
				Base,
			);
			mainGroup = E4B6A17925404CD700674D4E;
			productRefGroup = E4B6A18325404CD700674D4E /* Products */;
			projectDirPath = "";
			projectRoot = "";
			targets = (
				E4B6A18125404CD700674D4E /* trainingSegue */,
			);
		};
/* End PBXProject section */

/* Begin PBXResourcesBuildPhase section */
		E4B6A18025404CD700674D4E /* Resources */ = {
			isa = PBXResourcesBuildPhase;
			buildActionMask = 2147483647;
			files = (
				E4B6A19225404CD900674D4E /* LaunchScreen.storyboard in Resources */,
				E4B6A18F25404CD900674D4E /* Assets.xcassets in Resources */,
				E4B6A18D25404CD700674D4E /* Main.storyboard in Resources */,
			);
			runOnlyForDeploymentPostprocessing = 0;
		};
/* End PBXResourcesBuildPhase section */

/* Begin PBXSourcesBuildPhase section */
		E4B6A17E25404CD700674D4E /* Sources */ = {
			isa = PBXSourcesBuildPhase;
			buildActionMask = 2147483647;
			files = (
				E4B6A18A25404CD700674D4E /* ViewController.swift in Sources */,
				E4B6A18625404CD700674D4E /* AppDelegate.swift in Sources */,
				E4013AE72541AAF600AED9C7 /* addTextToLabelViewController.swift in Sources */,
				E4B6A18825404CD700674D4E /* SceneDelegate.swift in Sources */,
				E4B6A19C25404DB300674D4E /* SettingsViewController.swift in Sources */,
			);
			runOnlyForDeploymentPostprocessing = 0;
		};
/* End PBXSourcesBuildPhase section */

/* Begin PBXVariantGroup section */
		E4B6A18B25404CD700674D4E /* Main.storyboard */ = {
			isa = PBXVariantGroup;
			children = (
				E4B6A18C25404CD700674D4E /* Base */,
			);
			name = Main.storyboard;
			sourceTree = "<group>";
		};
		E4B6A19025404CD900674D4E /* LaunchScreen.storyboard */ = {
			isa = PBXVariantGroup;
			children = (
				E4B6A19125404CD900674D4E /* Base */,
			);
			name = LaunchScreen.storyboard;
			sourceTree = "<group>";
		};
/* End PBXVariantGroup section */

/* Begin XCBuildConfiguration section */
		E4B6A19425404CD900674D4E /* Debug */ = {
			isa = XCBuildConfiguration;
			buildSettings = {
				ALWAYS_SEARCH_USER_PATHS = NO;
				CLANG_ANALYZER_NONNULL = YES;
				CLANG_ANALYZER_NUMBER_OBJECT_CONVERSION = YES_AGGRESSIVE;
				CLANG_CXX_LANGUAGE_STANDARD = "gnu++14";
				CLANG_CXX_LIBRARY = "libc++";
				CLANG_ENABLE_MODULES = YES;
				CLANG_ENABLE_OBJC_ARC = YES;
				CLANG_ENABLE_OBJC_WEAK = YES;
				CLANG_WARN_BLOCK_CAPTURE_AUTORELEASING = YES;
				CLANG_WARN_BOOL_CONVERSION = YES;
				CLANG_WARN_COMMA = YES;
				CLANG_WARN_CONSTANT_CONVERSION = YES;
				CLANG_WARN_DEPRECATED_OBJC_IMPLEMENTATIONS = YES;
				CLANG_WARN_DIRECT_OBJC_ISA_USAGE = YES_ERROR;
				CLANG_WARN_DOCUMENTATION_COMMENTS = YES;
				CLANG_WARN_EMPTY_BODY = YES;
				CLANG_WARN_ENUM_CONVERSION = YES;
				CLANG_WARN_INFINITE_RECURSION = YES;
				CLANG_WARN_INT_CONVERSION = YES;
				CLANG_WARN_NON_LITERAL_NULL_CONVERSION = YES;
				CLANG_WARN_OBJC_IMPLICIT_RETAIN_SELF = YES;
				CLANG_WARN_OBJC_LITERAL_CONVERSION = YES;
				CLANG_WARN_OBJC_ROOT_CLASS = YES_ERROR;
				CLANG_WARN_QUOTED_INCLUDE_IN_FRAMEWORK_HEADER = YES;
				CLANG_WARN_RANGE_LOOP_ANALYSIS = YES;
				CLANG_WARN_STRICT_PROTOTYPES = YES;
				CLANG_WARN_SUSPICIOUS_MOVE = YES;
				CLANG_WARN_UNGUARDED_AVAILABILITY = YES_AGGRESSIVE;
				CLANG_WARN_UNREACHABLE_CODE = YES;
				CLANG_WARN__DUPLICATE_METHOD_MATCH = YES;
				COPY_PHASE_STRIP = NO;
				DEBUG_INFORMATION_FORMAT = dwarf;
				ENABLE_STRICT_OBJC_MSGSEND = YES;
				ENABLE_TESTABILITY = YES;
				GCC_C_LANGUAGE_STANDARD = gnu11;
				GCC_DYNAMIC_NO_PIC = NO;
				GCC_NO_COMMON_BLOCKS = YES;
				GCC_OPTIMIZATION_LEVEL = 0;
				GCC_PREPROCESSOR_DEFINITIONS = (
					"DEBUG=1",
					"$(inherited)",
				);
				GCC_WARN_64_TO_32_BIT_CONVERSION = YES;
				GCC_WARN_ABOUT_RETURN_TYPE = YES_ERROR;
				GCC_WARN_UNDECLARED_SELECTOR = YES;
				GCC_WARN_UNINITIALIZED_AUTOS = YES_AGGRESSIVE;
				GCC_WARN_UNUSED_FUNCTION = YES;
				GCC_WARN_UNUSED_VARIABLE = YES;
				IPHONEOS_DEPLOYMENT_TARGET = 14.0;
				MTL_ENABLE_DEBUG_INFO = INCLUDE_SOURCE;
				MTL_FAST_MATH = YES;
				ONLY_ACTIVE_ARCH = YES;
				SDKROOT = iphoneos;
				SWIFT_ACTIVE_COMPILATION_CONDITIONS = DEBUG;
				SWIFT_OPTIMIZATION_LEVEL = "-Onone";
			};
			name = Debug;
		};
		E4B6A19525404CD900674D4E /* Release */ = {
			isa = XCBuildConfiguration;
			buildSettings = {
				ALWAYS_SEARCH_USER_PATHS = NO;
				CLANG_ANALYZER_NONNULL = YES;
				CLANG_ANALYZER_NUMBER_OBJECT_CONVERSION = YES_AGGRESSIVE;
				CLANG_CXX_LANGUAGE_STANDARD = "gnu++14";
				CLANG_CXX_LIBRARY = "libc++";
				CLANG_ENABLE_MODULES = YES;
				CLANG_ENABLE_OBJC_ARC = YES;
				CLANG_ENABLE_OBJC_WEAK = YES;
				CLANG_WARN_BLOCK_CAPTURE_AUTORELEASING = YES;
				CLANG_WARN_BOOL_CONVERSION = YES;
				CLANG_WARN_COMMA = YES;
				CLANG_WARN_CONSTANT_CONVERSION = YES;
				CLANG_WARN_DEPRECATED_OBJC_IMPLEMENTATIONS = YES;
				CLANG_WARN_DIRECT_OBJC_ISA_USAGE = YES_ERROR;
				CLANG_WARN_DOCUMENTATION_COMMENTS = YES;
				CLANG_WARN_EMPTY_BODY = YES;
				CLANG_WARN_ENUM_CONVERSION = YES;
				CLANG_WARN_INFINITE_RECURSION = YES;
				CLANG_WARN_INT_CONVERSION = YES;
				CLANG_WARN_NON_LITERAL_NULL_CONVERSION = YES;
				CLANG_WARN_OBJC_IMPLICIT_RETAIN_SELF = YES;
				CLANG_WARN_OBJC_LITERAL_CONVERSION = YES;
				CLANG_WARN_OBJC_ROOT_CLASS = YES_ERROR;
				CLANG_WARN_QUOTED_INCLUDE_IN_FRAMEWORK_HEADER = YES;
				CLANG_WARN_RANGE_LOOP_ANALYSIS = YES;
				CLANG_WARN_STRICT_PROTOTYPES = YES;
				CLANG_WARN_SUSPICIOUS_MOVE = YES;
				CLANG_WARN_UNGUARDED_AVAILABILITY = YES_AGGRESSIVE;
				CLANG_WARN_UNREACHABLE_CODE = YES;
				CLANG_WARN__DUPLICATE_METHOD_MATCH = YES;
				COPY_PHASE_STRIP = NO;
				DEBUG_INFORMATION_FORMAT = "dwarf-with-dsym";
				ENABLE_NS_ASSERTIONS = NO;
				ENABLE_STRICT_OBJC_MSGSEND = YES;
				GCC_C_LANGUAGE_STANDARD = gnu11;
				GCC_NO_COMMON_BLOCKS = YES;
				GCC_WARN_64_TO_32_BIT_CONVERSION = YES;
				GCC_WARN_ABOUT_RETURN_TYPE = YES_ERROR;
				GCC_WARN_UNDECLARED_SELECTOR = YES;
				GCC_WARN_UNINITIALIZED_AUTOS = YES_AGGRESSIVE;
				GCC_WARN_UNUSED_FUNCTION = YES;
				GCC_WARN_UNUSED_VARIABLE = YES;
				IPHONEOS_DEPLOYMENT_TARGET = 14.0;
				MTL_ENABLE_DEBUG_INFO = NO;
				MTL_FAST_MATH = YES;
				SDKROOT = iphoneos;
				SWIFT_COMPILATION_MODE = wholemodule;
				SWIFT_OPTIMIZATION_LEVEL = "-O";
				VALIDATE_PRODUCT = YES;
			};
			name = Release;
		};
		E4B6A19725404CD900674D4E /* Debug */ = {
			isa = XCBuildConfiguration;
			buildSettings = {
				ASSETCATALOG_COMPILER_APPICON_NAME = AppIcon;
				ASSETCATALOG_COMPILER_GLOBAL_ACCENT_COLOR_NAME = AccentColor;
				CODE_SIGN_STYLE = Automatic;
				DEVELOPMENT_TEAM = 58287L88KM;
				INFOPLIST_FILE = trainingSegue/Info.plist;
				IPHONEOS_DEPLOYMENT_TARGET = 13.5;
				LD_RUNPATH_SEARCH_PATHS = (
					"$(inherited)",
					"@executable_path/Frameworks",
				);
				PRODUCT_BUNDLE_IDENTIFIER = "kik-OS.trainingSegue";
				PRODUCT_NAME = "$(TARGET_NAME)";
				SWIFT_VERSION = 5.0;
				TARGETED_DEVICE_FAMILY = "1,2";
			};
			name = Debug;
		};
		E4B6A19825404CD900674D4E /* Release */ = {
			isa = XCBuildConfiguration;
			buildSettings = {
				ASSETCATALOG_COMPILER_APPICON_NAME = AppIcon;
				ASSETCATALOG_COMPILER_GLOBAL_ACCENT_COLOR_NAME = AccentColor;
				CODE_SIGN_STYLE = Automatic;
				DEVELOPMENT_TEAM = 58287L88KM;
				INFOPLIST_FILE = trainingSegue/Info.plist;
				IPHONEOS_DEPLOYMENT_TARGET = 13.5;
				LD_RUNPATH_SEARCH_PATHS = (
					"$(inherited)",
					"@executable_path/Frameworks",
				);
				PRODUCT_BUNDLE_IDENTIFIER = "kik-OS.trainingSegue";
				PRODUCT_NAME = "$(TARGET_NAME)";
				SWIFT_VERSION = 5.0;
				TARGETED_DEVICE_FAMILY = "1,2";
			};
			name = Release;
		};
/* End XCBuildConfiguration section */

/* Begin XCConfigurationList section */
		E4B6A17D25404CD700674D4E /* Build configuration list for PBXProject "trainingSegue" */ = {
			isa = XCConfigurationList;
			buildConfigurations = (
				E4B6A19425404CD900674D4E /* Debug */,
				E4B6A19525404CD900674D4E /* Release */,
			);
			defaultConfigurationIsVisible = 0;
			defaultConfigurationName = Release;
		};
		E4B6A19625404CD900674D4E /* Build configuration list for PBXNativeTarget "trainingSegue" */ = {
			isa = XCConfigurationList;
			buildConfigurations = (
				E4B6A19725404CD900674D4E /* Debug */,
				E4B6A19825404CD900674D4E /* Release */,
			);
			defaultConfigurationIsVisible = 0;
			defaultConfigurationName = Release;
		};
/* End XCConfigurationList section */
	};
	rootObject = E4B6A17A25404CD700674D4E /* Project object */;
}
